
Microsoft Visual Studio Solution File, Format Version 12.00
# Visual Studio Version 17
VisualStudioVersion = 17.0.31903.59
MinimumVisualStudioVersion = 10.0.40219.1
Project("{FAE04EC0-301F-11D3-BF4B-00C04F79EFBC}") = "PortfolioDotNetApi", "PortfolioDotNetApi\PortfolioDotNetApi.csproj", "{2981B8BE-D157-4E65-9AEF-6930420438F0}"
EndProject
Project("{FAE04EC0-301F-11D3-BF4B-00C04F79EFBC}") = "PortfolioDotNetApi.Infrastructure", "PortfolioDotNetApi.Infrastructure\PortfolioDotNetApi.Infrastructure.csproj", "{EA019552-E155-40FC-BEB2-7542A6D9AE2D}"
EndProject
Project("{FAE04EC0-301F-11D3-BF4B-00C04F79EFBC}") = "PortfolioDotNetApi.Seeder", "PortfolioDotNetApi.Seeder\PortfolioDotNetApi.Seeder.csproj", "{7A7254CA-15AC-4D13-A25C-697FEEF9356C}"
EndProject
Project("{FAE04EC0-301F-11D3-BF4B-00C04F79EFBC}") = "PortfolioDotNetApi.Domain", "PortfolioDotNetApi.Domain\PortfolioDotNetApi.Domain.csproj", "{5AB6960A-016E-4B7B-9B91-D898944F1A80}"
EndProject
Project("{FAE04EC0-301F-11D3-BF4B-00C04F79EFBC}") = "PortfolioDotNetApi.Application", "PortfolioDotNetApi.Application\PortfolioDotNetApi.Application.csproj", "{B7A12496-8EFF-4A78-B060-319A0CECFC4C}"
EndProject
Global
	GlobalSection(SolutionConfigurationPlatforms) = preSolution
		Debug|Any CPU = Debug|Any CPU
		Debug|x64 = Debug|x64
		Debug|x86 = Debug|x86
		Release|Any CPU = Release|Any CPU
		Release|x64 = Release|x64
		Release|x86 = Release|x86
	EndGlobalSection
	GlobalSection(ProjectConfigurationPlatforms) = postSolution
		{2981B8BE-D157-4E65-9AEF-6930420438F0}.Debug|Any CPU.ActiveCfg = Debug|Any CPU
		{2981B8BE-D157-4E65-9AEF-6930420438F0}.Debug|Any CPU.Build.0 = Debug|Any CPU
		{2981B8BE-D157-4E65-9AEF-6930420438F0}.Debug|x64.ActiveCfg = Debug|Any CPU
		{2981B8BE-D157-4E65-9AEF-6930420438F0}.Debug|x64.Build.0 = Debug|Any CPU
		{2981B8BE-D157-4E65-9AEF-6930420438F0}.Debug|x86.ActiveCfg = Debug|Any CPU
		{2981B8BE-D157-4E65-9AEF-6930420438F0}.Debug|x86.Build.0 = Debug|Any CPU
		{2981B8BE-D157-4E65-9AEF-6930420438F0}.Release|Any CPU.ActiveCfg = Release|Any CPU
		{2981B8BE-D157-4E65-9AEF-6930420438F0}.Release|Any CPU.Build.0 = Release|Any CPU
		{2981B8BE-D157-4E65-9AEF-6930420438F0}.Release|x64.ActiveCfg = Release|Any CPU
		{2981B8BE-D157-4E65-9AEF-6930420438F0}.Release|x64.Build.0 = Release|Any CPU
		{2981B8BE-D157-4E65-9AEF-6930420438F0}.Release|x86.ActiveCfg = Release|Any CPU
		{2981B8BE-D157-4E65-9AEF-6930420438F0}.Release|x86.Build.0 = Release|Any CPU
		{EA019552-E155-40FC-BEB2-7542A6D9AE2D}.Debug|Any CPU.ActiveCfg = Debug|Any CPU
		{EA019552-E155-40FC-BEB2-7542A6D9AE2D}.Debug|Any CPU.Build.0 = Debug|Any CPU
		{EA019552-E155-40FC-BEB2-7542A6D9AE2D}.Debug|x64.ActiveCfg = Debug|Any CPU
		{EA019552-E155-40FC-BEB2-7542A6D9AE2D}.Debug|x64.Build.0 = Debug|Any CPU
		{EA019552-E155-40FC-BEB2-7542A6D9AE2D}.Debug|x86.ActiveCfg = Debug|Any CPU
		{EA019552-E155-40FC-BEB2-7542A6D9AE2D}.Debug|x86.Build.0 = Debug|Any CPU
		{EA019552-E155-40FC-BEB2-7542A6D9AE2D}.Release|Any CPU.ActiveCfg = Release|Any CPU
		{EA019552-E155-40FC-BEB2-7542A6D9AE2D}.Release|Any CPU.Build.0 = Release|Any CPU
		{EA019552-E155-40FC-BEB2-7542A6D9AE2D}.Release|x64.ActiveCfg = Release|Any CPU
		{EA019552-E155-40FC-BEB2-7542A6D9AE2D}.Release|x64.Build.0 = Release|Any CPU
		{EA019552-E155-40FC-BEB2-7542A6D9AE2D}.Release|x86.ActiveCfg = Release|Any CPU
		{EA019552-E155-40FC-BEB2-7542A6D9AE2D}.Release|x86.Build.0 = Release|Any CPU
		{7A7254CA-15AC-4D13-A25C-697FEEF9356C}.Debug|Any CPU.ActiveCfg = Debug|Any CPU
		{7A7254CA-15AC-4D13-A25C-697FEEF9356C}.Debug|Any CPU.Build.0 = Debug|Any CPU
		{7A7254CA-15AC-4D13-A25C-697FEEF9356C}.Debug|x64.ActiveCfg = Debug|Any CPU
		{7A7254CA-15AC-4D13-A25C-697FEEF9356C}.Debug|x64.Build.0 = Debug|Any CPU
		{7A7254CA-15AC-4D13-A25C-697FEEF9356C}.Debug|x86.ActiveCfg = Debug|Any CPU
		{7A7254CA-15AC-4D13-A25C-697FEEF9356C}.Debug|x86.Build.0 = Debug|Any CPU
		{7A7254CA-15AC-4D13-A25C-697FEEF9356C}.Release|Any CPU.ActiveCfg = Release|Any CPU
		{7A7254CA-15AC-4D13-A25C-697FEEF9356C}.Release|Any CPU.Build.0 = Release|Any CPU
		{7A7254CA-15AC-4D13-A25C-697FEEF9356C}.Release|x64.ActiveCfg = Release|Any CPU
		{7A7254CA-15AC-4D13-A25C-697FEEF9356C}.Release|x64.Build.0 = Release|Any CPU
		{7A7254CA-15AC-4D13-A25C-697FEEF9356C}.Release|x86.ActiveCfg = Release|Any CPU
		{7A7254CA-15AC-4D13-A25C-697FEEF9356C}.Release|x86.Build.0 = Release|Any CPU
		{5AB6960A-016E-4B7B-9B91-D898944F1A80}.Debug|Any CPU.ActiveCfg = Debug|Any CPU
		{5AB6960A-016E-4B7B-9B91-D898944F1A80}.Debug|Any CPU.Build.0 = Debug|Any CPU
		{5AB6960A-016E-4B7B-9B91-D898944F1A80}.Debug|x64.ActiveCfg = Debug|Any CPU
		{5AB6960A-016E-4B7B-9B91-D898944F1A80}.Debug|x64.Build.0 = Debug|Any CPU
		{5AB6960A-016E-4B7B-9B91-D898944F1A80}.Debug|x86.ActiveCfg = Debug|Any CPU
		{5AB6960A-016E-4B7B-9B91-D898944F1A80}.Debug|x86.Build.0 = Debug|Any CPU
		{5AB6960A-016E-4B7B-9B91-D898944F1A80}.Release|Any CPU.ActiveCfg = Release|Any CPU
		{5AB6960A-016E-4B7B-9B91-D898944F1A80}.Release|Any CPU.Build.0 = Release|Any CPU
		{5AB6960A-016E-4B7B-9B91-D898944F1A80}.Release|x64.ActiveCfg = Release|Any CPU
		{5AB6960A-016E-4B7B-9B91-D898944F1A80}.Release|x64.Build.0 = Release|Any CPU
		{5AB6960A-016E-4B7B-9B91-D898944F1A80}.Release|x86.ActiveCfg = Release|Any CPU
		{5AB6960A-016E-4B7B-9B91-D898944F1A80}.Release|x86.Build.0 = Release|Any CPU
		{B7A12496-8EFF-4A78-B060-319A0CECFC4C}.Debug|Any CPU.ActiveCfg = Debug|Any CPU
		{B7A12496-8EFF-4A78-B060-319A0CECFC4C}.Debug|Any CPU.Build.0 = Debug|Any CPU
		{B7A12496-8EFF-4A78-B060-319A0CECFC4C}.Debug|x64.ActiveCfg = Debug|Any CPU
		{B7A12496-8EFF-4A78-B060-319A0CECFC4C}.Debug|x64.Build.0 = Debug|Any CPU
		{B7A12496-8EFF-4A78-B060-319A0CECFC4C}.Debug|x86.ActiveCfg = Debug|Any CPU
		{B7A12496-8EFF-4A78-B060-319A0CECFC4C}.Debug|x86.Build.0 = Debug|Any CPU
		{B7A12496-8EFF-4A78-B060-319A0CECFC4C}.Release|Any CPU.ActiveCfg = Release|Any CPU
		{B7A12496-8EFF-4A78-B060-319A0CECFC4C}.Release|Any CPU.Build.0 = Release|Any CPU
		{B7A12496-8EFF-4A78-B060-319A0CECFC4C}.Release|x64.ActiveCfg = Release|Any CPU
		{B7A12496-8EFF-4A78-B060-319A0CECFC4C}.Release|x64.Build.0 = Release|Any CPU
		{B7A12496-8EFF-4A78-B060-319A0CECFC4C}.Release|x86.ActiveCfg = Release|Any CPU
		{B7A12496-8EFF-4A78-B060-319A0CECFC4C}.Release|x86.Build.0 = Release|Any CPU
	EndGlobalSection
	GlobalSection(SolutionProperties) = preSolution
		HideSolutionNode = FALSE
	EndGlobalSection
EndGlobal
