
Microsoft Visual Studio Solution File, Format Version 12.00
# Visual Studio Version 17
VisualStudioVersion = 17.0.31903.59
MinimumVisualStudioVersion = 10.0.40219.1
Project("{FAE04EC0-301F-11D3-BF4B-00C04F79EFBC}") = "PortfolioDotNetApi", "PortfolioDotNetApi\PortfolioDotNetApi.csproj", "{2981B8BE-D157-4E65-9AEF-6930420438F0}"
EndProject
Project("{FAE04EC0-301F-11D3-BF4B-00C04F79EFBC}") = "PortfolioDotNetApi.Repos", "PortfolioDotNetApi.Repos\PortfolioDotNetApi.Repos.csproj", "{EA019552-E155-40FC-BEB2-7542A6D9AE2D}"
EndProject
Project("{FAE04EC0-301F-11D3-BF4B-00C04F79EFBC}") = "PortfolioDotNetApi.Models", "PortfolioDotNetApi.Models\PortfolioDotNetApi.Models.csproj", "{74B7405A-FFCE-4525-9D15-262C772E2738}"
EndProject
Project("{FAE04EC0-301F-11D3-BF4B-00C04F79EFBC}") = "intradotnet-entityframeworkcore-optimizations", "..\intradotnet-entityframeworkcore-optimizations\intradotnet-entityframeworkcore-optimizations\intradotnet-entityframeworkcore-optimizations.csproj", "{583FA87E-DF0F-48C7-B664-BC46D1B79CBA}"
EndProject
Project("{FAE04EC0-301F-11D3-BF4B-00C04F79EFBC}") = "intradotnet-entityframeworkcore-interfaces", "..\intradotnet-entityframeworkcore-optimizations\intradotnet-entityframeworkcore-interfaces\intradotnet-entityframeworkcore-interfaces.csproj", "{4B0CECDE-B97C-46A6-A66C-29EFB8CBEF19}"
EndProject
Project("{FAE04EC0-301F-11D3-BF4B-00C04F79EFBC}") = "PortfolioDotNetApi.Seeder", "PortfolioDotNetApi.Seeder\PortfolioDotNetApi.Seeder.csproj", "{7A7254CA-15AC-4D13-A25C-697FEEF9356C}"
EndProject
Global
	GlobalSection(SolutionConfigurationPlatforms) = preSolution
		Debug|Any CPU = Debug|Any CPU
		Release|Any CPU = Release|Any CPU
	EndGlobalSection
	GlobalSection(SolutionProperties) = preSolution
		HideSolutionNode = FALSE
	EndGlobalSection
	GlobalSection(ProjectConfigurationPlatforms) = postSolution
		{2981B8BE-D157-4E65-9AEF-6930420438F0}.Debug|Any CPU.ActiveCfg = Debug|Any CPU
		{2981B8BE-D157-4E65-9AEF-6930420438F0}.Debug|Any CPU.Build.0 = Debug|Any CPU
		{2981B8BE-D157-4E65-9AEF-6930420438F0}.Release|Any CPU.ActiveCfg = Release|Any CPU
		{2981B8BE-D157-4E65-9AEF-6930420438F0}.Release|Any CPU.Build.0 = Release|Any CPU
		{EA019552-E155-40FC-BEB2-7542A6D9AE2D}.Debug|Any CPU.ActiveCfg = Debug|Any CPU
		{EA019552-E155-40FC-BEB2-7542A6D9AE2D}.Debug|Any CPU.Build.0 = Debug|Any CPU
		{EA019552-E155-40FC-BEB2-7542A6D9AE2D}.Release|Any CPU.ActiveCfg = Release|Any CPU
		{EA019552-E155-40FC-BEB2-7542A6D9AE2D}.Release|Any CPU.Build.0 = Release|Any CPU
		{74B7405A-FFCE-4525-9D15-262C772E2738}.Debug|Any CPU.ActiveCfg = Debug|Any CPU
		{74B7405A-FFCE-4525-9D15-262C772E2738}.Debug|Any CPU.Build.0 = Debug|Any CPU
		{74B7405A-FFCE-4525-9D15-262C772E2738}.Release|Any CPU.ActiveCfg = Release|Any CPU
		{74B7405A-FFCE-4525-9D15-262C772E2738}.Release|Any CPU.Build.0 = Release|Any CPU
		{583FA87E-DF0F-48C7-B664-BC46D1B79CBA}.Debug|Any CPU.ActiveCfg = Debug|Any CPU
		{583FA87E-DF0F-48C7-B664-BC46D1B79CBA}.Debug|Any CPU.Build.0 = Debug|Any CPU
		{583FA87E-DF0F-48C7-B664-BC46D1B79CBA}.Release|Any CPU.ActiveCfg = Release|Any CPU
		{583FA87E-DF0F-48C7-B664-BC46D1B79CBA}.Release|Any CPU.Build.0 = Release|Any CPU
		{4B0CECDE-B97C-46A6-A66C-29EFB8CBEF19}.Debug|Any CPU.ActiveCfg = Debug|Any CPU
		{4B0CECDE-B97C-46A6-A66C-29EFB8CBEF19}.Debug|Any CPU.Build.0 = Debug|Any CPU
		{4B0CECDE-B97C-46A6-A66C-29EFB8CBEF19}.Release|Any CPU.ActiveCfg = Release|Any CPU
		{4B0CECDE-B97C-46A6-A66C-29EFB8CBEF19}.Release|Any CPU.Build.0 = Release|Any CPU
		{7A7254CA-15AC-4D13-A25C-697FEEF9356C}.Debug|Any CPU.ActiveCfg = Debug|Any CPU
		{7A7254CA-15AC-4D13-A25C-697FEEF9356C}.Debug|Any CPU.Build.0 = Debug|Any CPU
		{7A7254CA-15AC-4D13-A25C-697FEEF9356C}.Release|Any CPU.ActiveCfg = Release|Any CPU
		{7A7254CA-15AC-4D13-A25C-697FEEF9356C}.Release|Any CPU.Build.0 = Release|Any CPU
	EndGlobalSection
EndGlobal
